github.com/ajg/form v1.5.1 h1:t9c7v8JUKu/XxOGBU0yjNpaMloxGEJhUkqFRq0ibGeU=
github.com/ajg/form v1.5.1/go.mod h1:uL1WgH+h2mgNtvBq0339dVnzXdBETtL2LeUXaIv25UY=
github.com/andybalholm/brotli v1.2.0 h1:ukwgCxwYrmACq68yiUqwIWnGY0cTPox/M94sVwToPjQ=
github.com/andybalholm/brotli v1.2.0/go.mod h1:rzTDkvFWvIrjDXZHkuS16NPggd91W3kUSvPlQ1pLaKY=
github.com/bahlo/generic-list-go v0.2.0 h1:5sz/EEAK+ls5wF+NeqDpk5+iNdMDXrh3z3nPnH1Wvgk=
github.com/bahlo/generic-list-go v0.2.0/go.mod h1:2KvAjgMlE5NNynlg/5iLrrCCZ2+5xWbdbCW3pNTGyYg=
github.com/blang/semver v3.5.1+incompatible/go.mod h1:kRBLl5iJ+tD4TcOOxsy/0fnwebNt5EWlYSAyrTnjyyk=
github.com/creack/pty v1.1.9/go.mod h1:oKZEueFk5CKHvIhNR5MUki03XCEU+Q6VDXinZuGJ33E=
github.com/davecgh/go-spew v1.1.0/go.mod h1:J7Y8YcW2NihsgmVo/mv3lAwl/skON4iLHjSsI+c5H38=
github.com/davecgh/go-spew v1.1.1 h1:vj9j/u1bqnvCEfJOwUhtlOARqs3+rkHYY13jYWTU97c=
github.com/davecgh/go-spew v1.1.1/go.mod h1:J7Y8YcW2NihsgmVo/mv3lAwl/skON4iLHjSsI+c5H38=
github.com/dlclark/regexp2 v1.11.5 h1:Q/sSnsKerHeCkc/jSTNq1oCm7KiVgUMZRDUoRu0JQZQ=
github.com/dlclark/regexp2 v1.11.5/go.mod h1:DHkYz0B9wPfa6wondMfaivmHpzrQ3v9q8cnmRbL6yW8=
github.com/fsnotify/fsnotify v1.9.0 h1:2Ml+OJNzbYCTzsxtv8vKSFD9PbJjmhYF14k/jKC7S9k=
github.com/fsnotify/fsnotify v1.9.0/go.mod h1:8jBTzvmWwFyi3Pb8djgCCO5IBqzKJ/Jwo8TRcHyHii0=
github.com/gaissmai/bart v0.26.1 h1:+w4rnLGNlA2GDVn382Tfe3jOsK5vOr5n4KmigJ9lbTo=
github.com/gaissmai/bart v0.26.1/go.mod h1:GREWQfTLRWz/c5FTOsIw+KkscuFkIV5t8Rp7Nd1Td5c=
github.com/go-ole/go-ole v1.3.0 h1:Dt6ye7+vXGIKZ7Xtk4s6/xVdGDQynvom7xCFEdWr6uE=
github.com/go-ole/go-ole v1.3.0/go.mod h1:5LS6F96DhAwUc7C+1HLexzMXY1xGRSryjyPPKW6zv78=
github.com/gobwas/httphead v0.1.0 h1:exrUm0f4YX0L7EBwZHuCF4GDp8aJfVeBrlLQrs6NqWU=
github.com/gobwas/httphead v0.1.0/go.mod h1:O/RXo79gxV8G+RqlR/otEwx4Q36zl9rqC5u12GKvMCM=
github.com/gobwas/pool v0.2.1 h1:xfeeEhW7pwmX8nuLVlqbzVc7udMDrwetjEv+TZIz1og=
github.com/gobwas/pool v0.2.1/go.mod h1:q8bcK0KcYlCgd9e7WYLm9LpyS+YeLd8JVDW6WezmKEw=
github.com/gobwas/ws v1.4.0 h1:CTaoG1tojrh4ucGPcoJFiAQUAsEWekEWvLy7GsVNqGs=
github.com/gobwas/ws v1.4.0/go.mod h1:G3gNqMNtPppf5XUz7O4shetPpcZ1VJ7zt18dlUeakrc=
github.com/gofrs/uuid/v5 v5.4.0 h1:EfbpCTjqMuGyq5ZJwxqzn3Cbr2d0rUZU7v5ycAk/e/0=
github.com/gofrs/uuid/v5 v5.4.0/go.mod h1:CDOjlDMVAtN56jqyRUZh58JT31Tiw7/oQyEXZV+9bD8=
github.com/golang/protobuf v1.3.1/go.mod h1:6lQm79b+lXiMfvg/cZm0SGofjICqVBUtrP5yJMmIC1U=
github.com/golang/snappy v1.0.0 h1:Oy607GVXHs7RtbggtPBnr2RmDArIsAefDwvrdWvRhGs=
github.com/golang/snappy v1.0.0/go.mod h1:/XxbfmMg8lxefKM7IXC3fBNl/7bRcc72aCRzEWrmP2Q=
github.com/google/btree v1.1.3 h1:CVpQJjYgC4VbzxeGVHfvZrv1ctoYCAI8vbl07Fcxlyg=
github.com/google/btree v1.1.3/go.mod h1:qOPhT0dTNdNzV6Z/lhRX0YXUafgPLFUh+gZMl761Gm4=
github.com/google/go-cmp v0.7.0 h1:wk8382ETsv4JYUZwIsn6YpYiWiBsYLSJiTsyBybVuN8=
github.com/google/go-cmp v0.7.0/go.mod h1:pXiqmnSA92OHEEa9HXL2W4E7lf9JzCmGVUdgjX3N/iU=
github.com/klauspost/compress v1.18.4 h1:RPhnKRAQ4Fh8zU2FY/6ZFDwTVTxgJ/EMydqSTzE9a2c=
github.com/klauspost/compress v1.18.4/go.mod h1:R0h/fSBs8DE4ENlcrlib3PsXS61voFxhIs2DeRhCvJ4=
github.com/klauspost/cpuid/v2 v2.2.6 h1:ndNyv040zDGIDh8thGkXYjnFtiN02M1PVVF+JE/48xc=
github.com/klauspost/cpuid/v2 v2.2.6/go.mod h1:Lcz8mBdAVJIBVzewtcLocK12l3Y+JytZYpaMropDUws=
github.com/klauspost/reedsolomon v1.12.3 h1:tzUznbfc3OFwJaTebv/QdhnFf2Xvb7gZ24XaHLBPmdc=
github.com/klauspost/reedsolomon v1.12.3/go.mod h1:3K5rXwABAvzGeR01r6pWZieUALXO/Tq7bFKGIb4m4WI=
github.com/kr/pretty v0.3.1 h1:flRD4NNwYAUpkphVc1HcthR4KEIFJ65n8Mw5qdRn3LE=
github.com/kr/pretty v0.3.1/go.mod h1:hoEshYVHaxMs3cyo3Yncou5ZscifuDolrwPKZanG3xk=
github.com/kr/text v0.2.0 h1:5Nx0Ya0ZqY2ygV366QzturHI13Jq95ApcVaJBhpS+AY=
github.com/kr/text v0.2.0/go.mod h1:eLer722TekiGuMkidMxC/pM04lWEeraHUUmBw8l2grE=
github.com/mdlayher/netlink v1.9.0 h1:G8+GLq2x3v4D4MVIqDdNUhTUC7TKiCy/6MDkmItfKco=
github.com/mdlayher/netlink v1.9.0/go.mod h1:YBnl5BXsCoRuwBjKKlZ+aYmEoq0r12FDA/3JC+94KDg=
github.com/mdlayher/socket v0.5.1 h1:VZaqt6RkGkt2OE9l3GcC6nZkqD3xKeQLyfleW/uBcos=
github.com/mdlayher/socket v0.5.1/go.mod h1:TjPLHI1UgwEv5J1B5q0zTZq12A/6H7nKmtTanQE37IQ=
github.com/metacubex/bbolt v0.0.0-20250725135710-010dbbbb7a5b h1:j7dadXD8I2KTmMt8jg1JcaP1ANL3JEObJPdANKcSYPY=
github.com/metacubex/bbolt v0.0.0-20250725135710-010dbbbb7a5b/go.mod h1:+WmP0VJZDkDszvpa83HzfUp6QzARl/IKkMorH4+nODw=
github.com/metacubex/blake3 v0.1.0 h1:KGnjh/56REO7U+cgZA8dnBhxdP7jByrG7hTP+bu6cqY=
github.com/metacubex/blake3 v0.1.0/go.mod h1:CCkLdzFrqf7xmxCdhQFvJsRRV2mwOLDoSPg6vUTB9Uk=
github.com/metacubex/chacha v0.1.5 h1:fKWMb/5c7ZrY8Uoqi79PPFxl+qwR7X/q0OrsAubyX2M=
github.com/metacubex/chacha v0.1.5/go.mod h1:Djn9bPZxLTXbJFSeyo0/qzEzQI+gUSSzttuzZM75GH8=
github.com/metacubex/cpu v0.1.1 h1:rRV5HGmeuGzjiKI3hYbL0dCd0qGwM7VUtk4ICXD06mI=
github.com/metacubex/cpu v0.1.1/go.mod h1:09VEt4dSRLR+bOA8l4w4NDuzGZ8n5dkMv7e8axgEeTU=
github.com/metacubex/fswatch v0.1.1 h1:jqU7C/v+g0qc2RUFgmAOPoVvfl2BXXUXEumn6oQuxhU=
github.com/metacubex/fswatch v0.1.1/go.mod h1:czrTT7Zlbz7vWft8RQu9Qqh+JoX+Nnb+UabuyN1YsgI=
github.com/metacubex/gvisor v0.0.0-20250919004547-6122b699a301 h1:N5GExQJqYAH3gOCshpp2u/J3CtNYzMctmlb0xK9wtbQ=
github.com/metacubex/gvisor v0.0.0-20250919004547-6122b699a301/go.mod h1:8LpS0IJW1VmWzUm3ylb0e2SK5QDm5lO/2qwWLZgRpBU=
github.com/metacubex/hkdf v0.1.0 h1:fPA6VzXK8cU1foc/TOmGCDmSa7pZbxlnqhl3RNsthaA=
github.com/metacubex/hkdf v0.1.0/go.mod h1:3seEfds3smgTAXqUGn+tgEJH3uXdsUjOiduG/2EtvZ4=
github.com/metacubex/hpke v0.1.0 h1:gu2jUNhraehWi0P/z5HX2md3d7L1FhPQE6/Q0E9r9xQ=
github.com/metacubex/hpke v0.1.0/go.mod h1:vfDm6gfgrwlXUxKDkWbcE44hXtmc1uxLDm2BcR11b3U=
github.com/metacubex/http v0.1.0 h1:Jcy0I9zKjYijSUaksZU34XEe2xNdoFkgUTB7z7K5q0o=
github.com/metacubex/http v0.1.0/go.mod h1:Nxx0zZAo2AhRfanyL+fmmK6ACMtVsfpwIl1aFAik2Eg=
github.com/metacubex/kcp-go v0.0.0-20260105040817-550693377604 h1:hJwCVlE3ojViC35MGHB+FBr8TuIf3BUFn2EQ1VIamsI=
github.com/metacubex/kcp-go v0.0.0-20260105040817-550693377604/go.mod h1:lpmN3m269b3V5jFCWtffqBLS4U3QQoIid9ugtO+OhVc=
github.com/metacubex/mlkem v0.1.0 h1:wFClitonSFcmipzzQvax75beLQU+D7JuC+VK1RzSL8I=
github.com/metacubex/mlkem v0.1.0/go.mod h1:amhaXZVeYNShuy9BILcR7P0gbeo/QLZsnqCdL8U2PDQ=
github.com/metacubex/nftables v0.0.0-20250503052935-30a69ab87793 h1:1Qpuy+sU3DmyX9HwI+CrBT/oLNJngvBorR2RbajJcqo=
github.com/metacubex/nftables v0.0.0-20250503052935-30a69ab87793/go.mod h1:RjRNb4G52yAgfR+Oe/kp9G4PJJ97Fnj89eY1BFO3YyA=
github.com/metacubex/randv2 v0.2.0 h1:uP38uBvV2SxYfLj53kuvAjbND4RUDfFJjwr4UigMiLs=
github.com/metacubex/randv2 v0.2.0/go.mod h1:kFi2SzrQ5WuneuoLLCMkABtiBu6VRrMrWFqSPyj2cxY=
github.com/metacubex/sing v0.5.7 h1:8OC+fhKFSv/l9ehEhJRaZZAOuthfZo68SteBVLe8QqM=
github.com/metacubex/sing v0.5.7/go.mod h1:ypf0mjwlZm0sKdQSY+yQvmsbWa0hNPtkeqyRMGgoN+w=
github.com/metacubex/sing-mux v0.3.5 h1:UqVN+o62SR8kJaC9/3VfOc5UiVqgVY/ef9WwfGYYkk0=
github.com/metacubex/sing-mux v0.3.5/go.mod h1:8bT7ZKT3clRrJjYc/x5CRYibC1TX/bK73a3r3+2E+Fc=
github.com/metacubex/sing-tun v0.4.16 h1:LosAe4A6TOPVcD7T1ReV9D2r5501woIXXZiim3D0RRg=
github.com/metacubex/sing-tun v0.4.16/go.mod h1:L/TjQY5JEGy8nvsuYmy/XgMFMCPiF0+AWSFCYfS6r9w=
github.com/metacubex/sing-vmess v0.2.5 h1:m9Zt5I27lB9fmLMZfism9sH2LcnAfShZfwSkf6/KJoE=
github.com/metacubex/sing-vmess v0.2.5/go.mod h1:AwtlzUgf8COe9tRYAKqWZ+leDH7p5U98a0ZUpYehl8Q=
github.com/metacubex/smux v0.0.0-20260105030934-d0c8756d3141 h1:DK2l6m2Fc85H2BhiAPgbJygiWhesPlfGmF+9Vw6ARdk=
github.com/metacubex/smux v0.0.0-20260105030934-d0c8756d3141/go.mod h1:/yI4OiGOSn0SURhZdJF3CbtPg3nwK700bG8TZLMBvAg=
github.com/metacubex/tfo-go v0.0.0-20251204144243-738de9e3cd15 h1:XKUOMjFYUGOU5sLwbSbGgGI0oOcTrrs1gLCoUB0Kg4M=
github.com/metacubex/tfo-go v0.0.0-20251204144243-738de9e3cd15/go.mod h1:l9oLnLoEXyGZ5RVLsh7QCC5XsouTUyKk4F2nLm2DHLw=
github.com/metacubex/tls v0.1.4 h1:Gm5GrkyMUh52gYOMIAQ1kHIym4v4M3Qb87Wsmd8Kpdc=
github.com/metacubex/tls v0.1.4/go.mod h1:0XeVdL0cBw+8i5Hqy3lVeP9IyD/LFTq02ExvHM6rzEM=
github.com/metacubex/wireguard-go v0.0.0-20250820062549-a6cecdd7f57f h1:FGBPRb1zUabhPhDrlKEjQ9lgIwQ6cHL4x8M9lrERhbk=
github.com/metacubex/wireguard-go v0.0.0-20250820062549-a6cecdd7f57f/go.mod h1:oPGcV994OGJedmmxrcK9+ni7jUEMGhR+uVQAdaduIP4=
github.com/metacubex/yamux v0.0.0-20250918083631-dd5f17c0be49 h1:lhlqpYHopuTLx9xQt22kSA9HtnyTDmk5XjjQVCGHe2E=
github.com/metacubex/yamux v0.0.0-20250918083631-dd5f17c0be49/go.mod h1:MBeEa9IVBphH7vc3LNtW6ZujVXFizotPo3OEiHQ+TNU=
github.com/miekg/dns v1.1.72 h1:vhmr+TF2A3tuoGNkLDFK9zi36F2LS+hKTRW0Uf8kbzI=
github.com/miekg/dns v1.1.72/go.mod h1:+EuEPhdHOsfk6Wk5TT2CzssZdqkmFhf8r+aVyDEToIs=
github.com/mroth/weightedrand/v2 v2.1.0 h1:o1ascnB1CIVzsqlfArQQjeMy1U0NcIbBO5rfd5E/OeU=
github.com/mroth/weightedrand/v2 v2.1.0/go.mod h1:f2faGsfOGOwc1p94wzHKKZyTpcJUW7OJ/9U4yfiNAOU=
github.com/neishewxn/chi v0.1.1 h1:LD0U39VPxApx0RRGsLoWVozliOsFpTOn9lH1fxXOrwA=
github.com/neishewxn/chi v0.1.1/go.mod h1:96/48QdMA+fuzcrKguoDT4ZlLIHo8B5fJlYlPtvkF3c=
github.com/neishewxn/sing-shadowsocks v0.2.12 h1:+Xyqga7hfEhdqKC9PaFeK6VjU+SHnC9QR3nMN0Xxn2g=
github.com/neishewxn/sing-shadowsocks v0.2.12/go.mod h1:W9mKeA635wTQfohzJJ7lJB5VldBGoNWTC4/7BZCDj74=
github.com/neishewxn/sing-shadowsocks2 v0.2.8 h1:QYS7ALr1ITFaIEqQ0JcLzQ8xI0k3Tb5LBaMNa3yLz/4=
github.com/neishewxn/sing-shadowsocks2 v0.2.8/go.mod h1:jG19mh6z1yUGiZnpvUDAG48ly/l1xSLgHjt1l8JdSbU=
github.com/neishewxn/utls v1.8.5 h1:lpa5X94YNhfmdunnyYQgeLPUXWP7b+pyXEld1FeXjG0=
github.com/neishewxn/utls v1.8.5/go.mod h1:NEIPCTOem/DpkMvT54VknSyN41QI2wEYoiEKGVbd+4s=
github.com/openacid/errors v0.8.1/go.mod h1:GUQEJJOJE3W9skHm8E8Y4phdl2LLEN8iD7c5gcGgdx0=
github.com/openacid/low v0.1.21 h1:Tr2GNu4N/+rGRYdOsEHOE89cxUIaDViZbVmKz29uKGo=
github.com/openacid/low v0.1.21/go.mod h1:q+MsKI6Pz2xsCkzV4BLj7NR5M4EX0sGz5AqotpZDVh0=
github.com/openacid/must v0.1.3/go.mod h1:luPiXCuJlEo3UUFQngVQokV0MPGryeYvtCbQPs3U1+I=
github.com/openacid/testkeys v0.1.6/go.mod h1:MfA7cACzBpbiwekivj8StqX0WIRmqlMsci1c37CA3Do=
github.com/oschwald/maxminddb-golang v1.13.1 h1:G3wwjdN9JmIK2o/ermkHM+98oX5fS+k5MbwsmL4MRQE=
github.com/oschwald/maxminddb-golang v1.13.1/go.mod h1:K4pgV9N/GcK694KSTmVSDTODk4IsCNThNdTmnaBZ/F8=
github.com/pkg/errors v0.9.1/go.mod h1:bwawxfHBFNV+L2hUp1rHADufV3IMtnDRdf1r5NINEl0=
github.com/pmezard/go-difflib v1.0.0 h1:4DBwDE0NGyQoBHbLQYPwSUPoCMWR5BEzIk/f1lZbAQM=
github.com/pmezard/go-difflib v1.0.0/go.mod h1:iKH77koFhYxTK1pcRnkKkqfTogsbg7gZNVY4sRDYZ/4=
github.com/prashantv/gostub v1.1.0 h1:BTyx3RfQjRHnUWaGF9oQos79AlQ5k8WNktv7VGvVH4g=
github.com/prashantv/gostub v1.1.0/go.mod h1:A5zLQHz7ieHGG7is6LLXLz7I8+3LZzsrV0P1IAHhP5U=
github.com/quic-go/qpack v0.6.0 h1:g7W+BMYynC1LbYLSqRt8PBg5Tgwxn214ZZR34VIOjz8=
github.com/quic-go/qpack v0.6.0/go.mod h1:lUpLKChi8njB4ty2bFLX2x4gzDqXwUpaO1DP9qMDZII=
github.com/quic-go/quic-go v0.59.0 h1:OLJkp1Mlm/aS7dpKgTc6cnpynnD2Xg7C1pwL6vy/SAw=
github.com/quic-go/quic-go v0.59.0/go.mod h1:upnsH4Ju1YkqpLXC305eW3yDZ4NfnNbmQRCMWS58IKU=
github.com/rogpeppe/go-internal v1.10.0 h1:TMyTOH3F/DB16zRVcYyreMH6GnZZrwQVAoYjRBZyWFQ=
github.com/rogpeppe/go-internal v1.10.0/go.mod h1:UQnix2H7Ngw/k4C5ijL5+65zddjncjaFoBhdsK/akog=
github.com/sagernet/netlink v0.0.0-20240612041022-b9a21c07ac6a h1:ObwtHN2VpqE0ZNjr6sGeT00J8uU7JF4cNUdb44/Duis=
github.com/sagernet/netlink v0.0.0-20240612041022-b9a21c07ac6a/go.mod h1:xLnfdiJbSp8rNqYEdIW/6eDO4mVoogml14Bh2hSiFpM=
github.com/samber/lo v1.53.0 h1:t975lj2py4kJPQ6haz1QMgtId2gtmfktACxIXArw3HM=
github.com/samber/lo v1.53.0/go.mod h1:4+MXEGsJzbKGaUEQFKBq2xtfuznW9oz/WrgyzMzRoM0=
github.com/sirupsen/logrus v1.9.4 h1:TsZE7l11zFCLZnZ+teH4Umoq5BhEIfIzfRDZ1Uzql2w=
github.com/sirupsen/logrus v1.9.4/go.mod h1:ftWc9WdOfJ0a92nsE2jF5u5ZwH8Bv2zdeOC42RjbV2g=
github.com/stretchr/objx v0.1.0/go.mod h1:HFkY916IF+rwdDfMAkV7OtwuqBVzrE8GR6GFx+wExME=
github.com/stretchr/testify v1.3.0/go.mod h1:M5WIy9Dh21IEIfnGCwXGc5bZfKNJtfHm1UVUgZn+9EI=
github.com/stretchr/testify v1.6.1/go.mod h1:6Fq8oRcR53rry900zMqJjRRixrwX3KX962/h/Wwjteg=
github.com/stretchr/testify v1.7.0/go.mod h1:6Fq8oRcR53rry900zMqJjRRixrwX3KX962/h/Wwjteg=
github.com/stretchr/testify v1.11.1 h1:7s2iGBzp5EwR7/aIZr8ao5+dra3wiQyKjjFuvgVKu7U=
github.com/stretchr/testify v1.11.1/go.mod h1:wZwfW3scLgRK+23gO65QZefKpKQRnfz6sD981Nm4B6U=
github.com/vishvananda/netns v0.0.4 h1:Oeaw1EM2JMxD51g9uhtC0D7erkIjgmj8+JZc26m1YX8=
github.com/vishvananda/netns v0.0.4/go.mod h1:SpkAiCQRtJ6TvvxPnOSyH3BMl6unz3xZlaprSwhNNJM=
github.com/vmihailenco/msgpack/v5 v5.4.1 h1:cQriyiUvjTwOHg8QZaPihLWeRAAVoCpE00IUPn0Bjt8=
github.com/vmihailenco/msgpack/v5 v5.4.1/go.mod h1:GaZTsDaehaPpQVyxrf5mtQlH+pc21PIudVV/E3rRQok=
github.com/vmihailenco/tagparser/v2 v2.0.0 h1:y09buUbR+b5aycVFQs/g70pqKVZNBmxwAhO7/IwNM9g=
github.com/vmihailenco/tagparser/v2 v2.0.0/go.mod h1:Wri+At7QHww0WTrCBeu4J6bNtoV6mEfg5OIWRZA9qds=
github.com/xtaci/lossyconn v0.0.0-20190602105132-8df528c0c9ae h1:J0GxkO96kL4WF+AIT3M4mfUVinOCPgf2uUWYFUzN0sM=
github.com/xtaci/lossyconn v0.0.0-20190602105132-8df528c0c9ae/go.mod h1:gXtu8J62kEgmN++bm9BVICuT/e8yiLI2KFobd/TRFsE=
github.com/xyproto/randomstring v1.0.5 h1:YtlWPoRdgMu3NZtP45drfy1GKoojuR7hmRcnhZqKjWU=
github.com/xyproto/randomstring v1.0.5/go.mod h1:rgmS5DeNXLivK7YprL0pY+lTuhNQW3iGxZ18UQApw/E=
go.uber.org/automaxprocs v1.6.0 h1:O3y2/QNTOdbF+e/dpXNNW7Rx2hZ4sTIPyybbxyNqTUs=
go.uber.org/automaxprocs v1.6.0/go.mod h1:ifeIMSnPZuznNm6jmdzmU3/bfk01Fe2fotchwEFJ8r8=
go.uber.org/mock v0.5.2 h1:LbtPTcP8A5k9WPXj54PPPbjcI4Y6lhyOZXn+VS7wNko=
go.uber.org/mock v0.5.2/go.mod h1:wLlUxC2vVTPTaE3UD51E0BGOAElKrILxhVSDYQLld5o=
go4.org/netipx v0.0.0-20231129151722-fdeea329fbba h1:0b9z3AuHCjxk0x/opv64kcgZLBseWJUpBw5I82+2U4M=
go4.org/netipx v0.0.0-20231129151722-fdeea329fbba/go.mod h1:PLyyIXexvUFg3Owu6p/WfdlivPbZJsZdgWZlrGope/Y=
golang.org/x/crypto v0.49.0 h1:+Ng2ULVvLHnJ/ZFEq4KdcDd/cfjrrjjNSXNzxg0Y4U4=
golang.org/x/crypto v0.49.0/go.mod h1:ErX4dUh2UM+CFYiXZRTcMpEcN8b/1gxEuv3nODoYtCA=
golang.org/x/exp v0.0.0-20260312153236-7ab1446f8b90 h1:jiDhWWeC7jfWqR9c/uplMOqJ0sbNlNWv0UkzE0vX1MA=
golang.org/x/exp v0.0.0-20260312153236-7ab1446f8b90/go.mod h1:xE1HEv6b+1SCZ5/uscMRjUBKtIxworgEcEi+/n9NQDQ=
golang.org/x/mod v0.34.0 h1:xIHgNUUnW6sYkcM5Jleh05DvLOtwc6RitGHbDk4akRI=
golang.org/x/mod v0.34.0/go.mod h1:ykgH52iCZe79kzLLMhyCUzhMci+nQj+0XkbXpNYtVjY=
golang.org/x/net v0.52.0 h1:He/TN1l0e4mmR3QqHMT2Xab3Aj3L9qjbhRm78/6jrW0=
golang.org/x/net v0.52.0/go.mod h1:R1MAz7uMZxVMualyPXb+VaqGSa3LIaUqk0eEt3w36Sw=
golang.org/x/sync v0.20.0 h1:e0PTpb7pjO8GAtTs2dQ6jYa5BWYlMuX047Dco/pItO4=
golang.org/x/sync v0.20.0/go.mod h1:9xrNwdLfx4jkKbNva9FpL6vEN7evnE43NNNJQ2LF3+0=
golang.org/x/sys v0.1.0/go.mod h1:oPkhp1MJrh7nUepCBck5+mAzfO9JrbApNNgaTdGDITg=
golang.org/x/sys v0.5.0/go.mod h1:oPkhp1MJrh7nUepCBck5+mAzfO9JrbApNNgaTdGDITg=
golang.org/x/sys v0.6.0/go.mod h1:oPkhp1MJrh7nUepCBck5+mAzfO9JrbApNNgaTdGDITg=
golang.org/x/sys v0.42.0 h1:omrd2nAlyT5ESRdCLYdm3+fMfNFE/+Rf4bDIQImRJeo=
golang.org/x/sys v0.42.0/go.mod h1:4GL1E5IUh+htKOUEOaiffhrAeqysfVGipDYzABqnCmw=
golang.org/x/text v0.35.0 h1:JOVx6vVDFokkpaq1AEptVzLTpDe9KGpj5tR4/X+ybL8=
golang.org/x/text v0.35.0/go.mod h1:khi/HExzZJ2pGnjenulevKNX1W67CUy0AsXcNubPGCA=
golang.org/x/time v0.10.0 h1:3usCWA8tQn0L8+hFJQNgzpWbd89begxN66o1Ojdn5L4=
golang.org/x/time v0.10.0/go.mod h1:3BpzKBy/shNhVucY/MWOyx10tF3SFh9QdLuxbVysPQM=
golang.org/x/tools v0.43.0 h1:12BdW9CeB3Z+J/I/wj34VMl8X+fEXBxVR90JeMX5E7s=
golang.org/x/tools v0.43.0/go.mod h1:uHkMso649BX2cZK6+RpuIPXS3ho2hZo4FVwfoy1vIk0=
google.golang.org/protobuf v1.36.11 h1:fV6ZwhNocDyBLK0dj+fg8ektcVegBBuEolpbTQyBNVE=
google.golang.org/protobuf v1.36.11/go.mod h1:HTf+CrKn2C3g5S8VImy6tdcUvCska2kB7j23XfzDpco=
gopkg.in/check.v1 v0.0.0-20161208181325-20d25e280405/go.mod h1:Co6ibVJAznAaIkqp8huTwlJQCZ016jof/cbN4VW5Yz0=
gopkg.in/check.v1 v1.0.0-20201130134442-10cb98267c6c h1:Hei/4ADfdWqJk1ZMxUNpqntNwaWcugrBjAiHlqqRiVk=
gopkg.in/check.v1 v1.0.0-20201130134442-10cb98267c6c/go.mod h1:JHkPIbrfpd72SG/EVd6muEfDQjcINNoR0C8j2r3qZ4Q=
gopkg.in/yaml.v3 v3.0.0-20200313102051-9f266ea9e77c/go.mod h1:K4uyk7z7BCEPqu6E+C64Yfv1cQ7kz7rIZviUmN+EgEM=
gopkg.in/yaml.v3 v3.0.1 h1:fxVm/GzAzEWqLHuvctI91KS9hhNmmWOoWu0XTYJS7CA=
gopkg.in/yaml.v3 v3.0.1/go.mod h1:K4uyk7z7BCEPqu6E+C64Yfv1cQ7kz7rIZviUmN+EgEM=
